
Microsoft Visual Studio Solution File, Format Version 10.00
# Visual C# Express 2008
Project("{FAE04EC0-301F-11D3-BF4B-00C04F79EFBC}") = "EGGEditor01", "EGGEditor01\EGGEditor01.csproj", "{82BD8D9A-C9A9-4E27-BD26-C78675E5A68D}"
EndProject
Global
	GlobalSection(SolutionConfigurationPlatforms) = preSolution
		Debug|x86 = Debug|x86
		Release|x86 = Release|x86
	EndGlobalSection
	GlobalSection(ProjectConfigurationPlatforms) = postSolution
		{82BD8D9A-C9A9-4E27-BD26-C78675E5A68D}.Debug|x86.ActiveCfg = Debug|x86
		{82BD8D9A-C9A9-4E27-BD26-C78675E5A68D}.Debug|x86.Build.0 = Debug|x86
		{82BD8D9A-C9A9-4E27-BD26-C78675E5A68D}.Release|x86.ActiveCfg = Release|x86
		{82BD8D9A-C9A9-4E27-BD26-C78675E5A68D}.Release|x86.Build.0 = Release|x86
		{7D95074F-017B-453F-B6B8-13F90A9BB6BB}.Debug|x86.ActiveCfg = Debug|x86
		{7D95074F-017B-453F-B6B8-13F90A9BB6BB}.Release|x86.ActiveCfg = Release|x86
	EndGlobalSection
	GlobalSection(SolutionProperties) = preSolution
		HideSolutionNode = FALSE
	EndGlobalSection
EndGlobal
